
Microsoft Visual Studio Solution File, Format Version 12.00
# Visual Studio 14
VisualStudioVersion = 14.0.25123.0
MinimumVisualStudioVersion = 10.0.40219.1
Project("{EC0F7AE0-70EA-4078-A719-6586688B2135}") = "Sitecore.Support.228549", "Sitecore.Support.228549\Sitecore.Support.228549.csproj", "{0D54E7A4-63D2-4AEA-A78E-2AE0959B1CC2}"
EndProject
Global
	GlobalSection(SolutionConfigurationPlatforms) = preSolution
		Debug|Any CPU = Debug|Any CPU
		Release|Any CPU = Release|Any CPU
	EndGlobalSection
	GlobalSection(ProjectConfigurationPlatforms) = postSolution
		{0D54E7A4-63D2-4AEA-A78E-2AE0959B1CC2}.Debug|Any CPU.ActiveCfg = Debug|Any CPU
		{0D54E7A4-63D2-4AEA-A78E-2AE0959B1CC2}.Debug|Any CPU.Build.0 = Debug|Any CPU
		{0D54E7A4-63D2-4AEA-A78E-2AE0959B1CC2}.Release|Any CPU.ActiveCfg = Release|Any CPU
		{0D54E7A4-63D2-4AEA-A78E-2AE0959B1CC2}.Release|Any CPU.Build.0 = Release|Any CPU
	EndGlobalSection
	GlobalSection(SolutionProperties) = preSolution
		HideSolutionNode = FALSE
	EndGlobalSection
EndGlobal
